
Microsoft Visual Studio Solution File, Format Version 12.00
# Visual Studio 2013
VisualStudioVersion = 12.0.40629.0
MinimumVisualStudioVersion = 10.0.40219.1
Project("{FAE04EC0-301F-11D3-BF4B-00C04F79EFBC}") = "LPReplayCore", "LPReplayCore\LPReplayCore.csproj", "{6EEB5BB0-91F8-4F77-B182-FF8DA2408E8A}"
EndProject
Project("{FAE04EC0-301F-11D3-BF4B-00C04F79EFBC}") = "LPReplayEngine", "LPReplayEngine\LPReplayEngine.csproj", "{5BF0C625-378C-47AB-8C5F-C0A71EDB8F38}"
EndProject
Project("{FAE04EC0-301F-11D3-BF4B-00C04F79EFBC}") = "UIACalcTest", "UIACalcTest\UIACalcTest.csproj", "{1812273D-C598-452A-86B1-B9AB3DD3F4E0}"
EndProject
Project("{FAE04EC0-301F-11D3-BF4B-00C04F79EFBC}") = "LPControlPanel", "LPControlPanel\LPControlPanel.csproj", "{F41721B4-4F6F-43CE-B775-855271032FA0}"
EndProject
Project("{FAE04EC0-301F-11D3-BF4B-00C04F79EFBC}") = "LPSpy", "LPSpy\LPSpy.csproj", "{948C4D4A-5E2B-4034-B81E-01EC31038A7A}"
EndProject
Project("{FAE04EC0-301F-11D3-BF4B-00C04F79EFBC}") = "LPUIAObjects", "LPUIAObjects\LPUIAObjects.csproj", "{27FB0811-48B1-4A3C-9E4C-CAF3C0F9B61C}"
EndProject
Project("{FAE04EC0-301F-11D3-BF4B-00C04F79EFBC}") = "LPCommon", "LPCommon\LPCommon.csproj", "{7CE460F9-8A3F-47AC-894B-822A1CF6CC15}"
EndProject
Project("{FAE04EC0-301F-11D3-BF4B-00C04F79EFBC}") = "LAPResourceManager", "LAPResources\LAPResourceManager\LAPResourceManager.csproj", "{503995E8-2E29-432B-A6F9-446AEE3FB1BB}"
EndProject
Project("{2150E333-8FDC-42A3-9474-1A3956D46DE8}") = "LAPResources", "LAPResources", "{EAE64E5A-B923-4A33-8202-6186F04F02D9}"
	ProjectSection(SolutionItems) = preProject
		LAP.testsettings = LAP.testsettings
	EndProjectSection
EndProject
Project("{FAE04EC0-301F-11D3-BF4B-00C04F79EFBC}") = "LAPResources", "LAPResources\LAPResources\LAPResources.csproj", "{2CB9517B-228A-49C8-845B-0F389A5AAAB5}"
EndProject
Project("{2150E333-8FDC-42A3-9474-1A3956D46DE8}") = "Selenium", "Selenium", "{E5BA36B5-ECCC-484C-BAB1-82A793E85779}"
EndProject
Project("{FAE04EC0-301F-11D3-BF4B-00C04F79EFBC}") = "LPWebObjects", "LPWebObjects\LPWebObjects.csproj", "{AA3CE709-DB5E-40D2-B062-D784C8C55182}"
EndProject
Global
	GlobalSection(SolutionConfigurationPlatforms) = preSolution
		Debug|Any CPU = Debug|Any CPU
		Debug|x64 = Debug|x64
		Debug|x86 = Debug|x86
		Release|Any CPU = Release|Any CPU
		Release|x64 = Release|x64
		Release|x86 = Release|x86
	EndGlobalSection
	GlobalSection(ProjectConfigurationPlatforms) = postSolution
		{6EEB5BB0-91F8-4F77-B182-FF8DA2408E8A}.Debug|Any CPU.ActiveCfg = Debug|Any CPU
		{6EEB5BB0-91F8-4F77-B182-FF8DA2408E8A}.Debug|Any CPU.Build.0 = Debug|Any CPU
		{6EEB5BB0-91F8-4F77-B182-FF8DA2408E8A}.Debug|x64.ActiveCfg = Debug|Any CPU
		{6EEB5BB0-91F8-4F77-B182-FF8DA2408E8A}.Debug|x86.ActiveCfg = Debug|Any CPU
		{6EEB5BB0-91F8-4F77-B182-FF8DA2408E8A}.Release|Any CPU.ActiveCfg = Release|Any CPU
		{6EEB5BB0-91F8-4F77-B182-FF8DA2408E8A}.Release|Any CPU.Build.0 = Release|Any CPU
		{6EEB5BB0-91F8-4F77-B182-FF8DA2408E8A}.Release|x64.ActiveCfg = Release|Any CPU
		{6EEB5BB0-91F8-4F77-B182-FF8DA2408E8A}.Release|x86.ActiveCfg = Release|Any CPU
		{5BF0C625-378C-47AB-8C5F-C0A71EDB8F38}.Debug|Any CPU.ActiveCfg = Debug|Any CPU
		{5BF0C625-378C-47AB-8C5F-C0A71EDB8F38}.Debug|Any CPU.Build.0 = Debug|Any CPU
		{5BF0C625-378C-47AB-8C5F-C0A71EDB8F38}.Debug|x64.ActiveCfg = Debug|Any CPU
		{5BF0C625-378C-47AB-8C5F-C0A71EDB8F38}.Debug|x86.ActiveCfg = Debug|Any CPU
		{5BF0C625-378C-47AB-8C5F-C0A71EDB8F38}.Release|Any CPU.ActiveCfg = Release|Any CPU
		{5BF0C625-378C-47AB-8C5F-C0A71EDB8F38}.Release|Any CPU.Build.0 = Release|Any CPU
		{5BF0C625-378C-47AB-8C5F-C0A71EDB8F38}.Release|x64.ActiveCfg = Release|Any CPU
		{5BF0C625-378C-47AB-8C5F-C0A71EDB8F38}.Release|x86.ActiveCfg = Release|Any CPU
		{1812273D-C598-452A-86B1-B9AB3DD3F4E0}.Debug|Any CPU.ActiveCfg = Debug|Any CPU
		{1812273D-C598-452A-86B1-B9AB3DD3F4E0}.Debug|Any CPU.Build.0 = Debug|Any CPU
		{1812273D-C598-452A-86B1-B9AB3DD3F4E0}.Debug|x64.ActiveCfg = Debug|Any CPU
		{1812273D-C598-452A-86B1-B9AB3DD3F4E0}.Debug|x86.ActiveCfg = Debug|Any CPU
		{1812273D-C598-452A-86B1-B9AB3DD3F4E0}.Release|Any CPU.ActiveCfg = Release|Any CPU
		{1812273D-C598-452A-86B1-B9AB3DD3F4E0}.Release|Any CPU.Build.0 = Release|Any CPU
		{1812273D-C598-452A-86B1-B9AB3DD3F4E0}.Release|x64.ActiveCfg = Release|Any CPU
		{1812273D-C598-452A-86B1-B9AB3DD3F4E0}.Release|x86.ActiveCfg = Release|Any CPU
		{F41721B4-4F6F-43CE-B775-855271032FA0}.Debug|Any CPU.ActiveCfg = Debug|Any CPU
		{F41721B4-4F6F-43CE-B775-855271032FA0}.Debug|Any CPU.Build.0 = Debug|Any CPU
		{F41721B4-4F6F-43CE-B775-855271032FA0}.Debug|x64.ActiveCfg = Debug|Any CPU
		{F41721B4-4F6F-43CE-B775-855271032FA0}.Debug|x86.ActiveCfg = Debug|Any CPU
		{F41721B4-4F6F-43CE-B775-855271032FA0}.Release|Any CPU.ActiveCfg = Release|Any CPU
		{F41721B4-4F6F-43CE-B775-855271032FA0}.Release|Any CPU.Build.0 = Release|Any CPU
		{F41721B4-4F6F-43CE-B775-855271032FA0}.Release|x64.ActiveCfg = Release|Any CPU
		{F41721B4-4F6F-43CE-B775-855271032FA0}.Release|x86.ActiveCfg = Release|Any CPU
		{948C4D4A-5E2B-4034-B81E-01EC31038A7A}.Debug|Any CPU.ActiveCfg = Debug|Any CPU
		{948C4D4A-5E2B-4034-B81E-01EC31038A7A}.Debug|Any CPU.Build.0 = Debug|Any CPU
		{948C4D4A-5E2B-4034-B81E-01EC31038A7A}.Debug|x64.ActiveCfg = Debug|Any CPU
		{948C4D4A-5E2B-4034-B81E-01EC31038A7A}.Debug|x86.ActiveCfg = Debug|Any CPU
		{948C4D4A-5E2B-4034-B81E-01EC31038A7A}.Release|Any CPU.ActiveCfg = Release|Any CPU
		{948C4D4A-5E2B-4034-B81E-01EC31038A7A}.Release|Any CPU.Build.0 = Release|Any CPU
		{948C4D4A-5E2B-4034-B81E-01EC31038A7A}.Release|x64.ActiveCfg = Release|Any CPU
		{948C4D4A-5E2B-4034-B81E-01EC31038A7A}.Release|x86.ActiveCfg = Release|Any CPU
		{27FB0811-48B1-4A3C-9E4C-CAF3C0F9B61C}.Debug|Any CPU.ActiveCfg = Debug|Any CPU
		{27FB0811-48B1-4A3C-9E4C-CAF3C0F9B61C}.Debug|Any CPU.Build.0 = Debug|Any CPU
		{27FB0811-48B1-4A3C-9E4C-CAF3C0F9B61C}.Debug|x64.ActiveCfg = Debug|Any CPU
		{27FB0811-48B1-4A3C-9E4C-CAF3C0F9B61C}.Debug|x86.ActiveCfg = Debug|Any CPU
		{27FB0811-48B1-4A3C-9E4C-CAF3C0F9B61C}.Release|Any CPU.ActiveCfg = Release|Any CPU
		{27FB0811-48B1-4A3C-9E4C-CAF3C0F9B61C}.Release|Any CPU.Build.0 = Release|Any CPU
		{27FB0811-48B1-4A3C-9E4C-CAF3C0F9B61C}.Release|x64.ActiveCfg = Release|Any CPU
		{27FB0811-48B1-4A3C-9E4C-CAF3C0F9B61C}.Release|x86.ActiveCfg = Release|Any CPU
		{7CE460F9-8A3F-47AC-894B-822A1CF6CC15}.Debug|Any CPU.ActiveCfg = Debug|Any CPU
		{7CE460F9-8A3F-47AC-894B-822A1CF6CC15}.Debug|Any CPU.Build.0 = Debug|Any CPU
		{7CE460F9-8A3F-47AC-894B-822A1CF6CC15}.Debug|x64.ActiveCfg = Debug|Any CPU
		{7CE460F9-8A3F-47AC-894B-822A1CF6CC15}.Debug|x86.ActiveCfg = Debug|Any CPU
		{7CE460F9-8A3F-47AC-894B-822A1CF6CC15}.Release|Any CPU.ActiveCfg = Release|Any CPU
		{7CE460F9-8A3F-47AC-894B-822A1CF6CC15}.Release|Any CPU.Build.0 = Release|Any CPU
		{7CE460F9-8A3F-47AC-894B-822A1CF6CC15}.Release|x64.ActiveCfg = Release|Any CPU
		{7CE460F9-8A3F-47AC-894B-822A1CF6CC15}.Release|x86.ActiveCfg = Release|Any CPU
		{503995E8-2E29-432B-A6F9-446AEE3FB1BB}.Debug|Any CPU.ActiveCfg = Debug|Any CPU
		{503995E8-2E29-432B-A6F9-446AEE3FB1BB}.Debug|Any CPU.Build.0 = Debug|Any CPU
		{503995E8-2E29-432B-A6F9-446AEE3FB1BB}.Debug|x64.ActiveCfg = Debug|Any CPU
		{503995E8-2E29-432B-A6F9-446AEE3FB1BB}.Debug|x86.ActiveCfg = Debug|Any CPU
		{503995E8-2E29-432B-A6F9-446AEE3FB1BB}.Release|Any CPU.ActiveCfg = Release|Any CPU
		{503995E8-2E29-432B-A6F9-446AEE3FB1BB}.Release|Any CPU.Build.0 = Release|Any CPU
		{503995E8-2E29-432B-A6F9-446AEE3FB1BB}.Release|x64.ActiveCfg = Release|Any CPU
		{503995E8-2E29-432B-A6F9-446AEE3FB1BB}.Release|x86.ActiveCfg = Release|Any CPU
		{2CB9517B-228A-49C8-845B-0F389A5AAAB5}.Debug|Any CPU.ActiveCfg = Debug|Any CPU
		{2CB9517B-228A-49C8-845B-0F389A5AAAB5}.Debug|Any CPU.Build.0 = Debug|Any CPU
		{2CB9517B-228A-49C8-845B-0F389A5AAAB5}.Debug|x64.ActiveCfg = Debug|Any CPU
		{2CB9517B-228A-49C8-845B-0F389A5AAAB5}.Debug|x86.ActiveCfg = Debug|Any CPU
		{2CB9517B-228A-49C8-845B-0F389A5AAAB5}.Release|Any CPU.ActiveCfg = Release|Any CPU
		{2CB9517B-228A-49C8-845B-0F389A5AAAB5}.Release|Any CPU.Build.0 = Release|Any CPU
		{2CB9517B-228A-49C8-845B-0F389A5AAAB5}.Release|x64.ActiveCfg = Release|Any CPU
		{2CB9517B-228A-49C8-845B-0F389A5AAAB5}.Release|x86.ActiveCfg = Release|Any CPU
		{AA3CE709-DB5E-40D2-B062-D784C8C55182}.Debug|Any CPU.ActiveCfg = Debug|Any CPU
		{AA3CE709-DB5E-40D2-B062-D784C8C55182}.Debug|Any CPU.Build.0 = Debug|Any CPU
		{AA3CE709-DB5E-40D2-B062-D784C8C55182}.Debug|x64.ActiveCfg = Debug|Any CPU
		{AA3CE709-DB5E-40D2-B062-D784C8C55182}.Debug|x86.ActiveCfg = Debug|Any CPU
		{AA3CE709-DB5E-40D2-B062-D784C8C55182}.Release|Any CPU.ActiveCfg = Release|Any CPU
		{AA3CE709-DB5E-40D2-B062-D784C8C55182}.Release|Any CPU.Build.0 = Release|Any CPU
		{AA3CE709-DB5E-40D2-B062-D784C8C55182}.Release|x64.ActiveCfg = Release|Any CPU
		{AA3CE709-DB5E-40D2-B062-D784C8C55182}.Release|x86.ActiveCfg = Release|Any CPU
	EndGlobalSection
	GlobalSection(SolutionProperties) = preSolution
		HideSolutionNode = FALSE
	EndGlobalSection
	GlobalSection(NestedProjects) = preSolution
		{503995E8-2E29-432B-A6F9-446AEE3FB1BB} = {EAE64E5A-B923-4A33-8202-6186F04F02D9}
		{2CB9517B-228A-49C8-845B-0F389A5AAAB5} = {EAE64E5A-B923-4A33-8202-6186F04F02D9}
	EndGlobalSection
	GlobalSection(TestCaseManagementSettings) = postSolution
		CategoryFile = LAP.vsmdi
	EndGlobalSection
EndGlobal
