
Microsoft Visual Studio Solution File, Format Version 12.00
# Visual Studio 2013
VisualStudioVersion = 12.0.40629.0
MinimumVisualStudioVersion = 10.0.40219.1
Project("{FAE04EC0-301F-11D3-BF4B-00C04F79EFBC}") = "LPReplayCore", "LPReplayCore\LPReplayCore.csproj", "{6EEB5BB0-91F8-4F77-B182-FF8DA2408E8A}"
EndProject
Project("{FAE04EC0-301F-11D3-BF4B-00C04F79EFBC}") = "LPReplayEngine", "LPReplayEngine\LPReplayEngine.csproj", "{5BF0C625-378C-47AB-8C5F-C0A71EDB8F38}"
EndProject
Project("{FAE04EC0-301F-11D3-BF4B-00C04F79EFBC}") = "UIACalcTest", "UIACalcTest\UIACalcTest.csproj", "{1812273D-C598-452A-86B1-B9AB3DD3F4E0}"
EndProject
Project("{FAE04EC0-301F-11D3-BF4B-00C04F79EFBC}") = "LPControlPanel", "LPControlPanel\LPControlPanel.csproj", "{F41721B4-4F6F-43CE-B775-855271032FA0}"
EndProject
Project("{FAE04EC0-301F-11D3-BF4B-00C04F79EFBC}") = "LPSpy", "LPSpy\LPSpy.csproj", "{948C4D4A-5E2B-4034-B81E-01EC31038A7A}"
EndProject
Project("{FAE04EC0-301F-11D3-BF4B-00C04F79EFBC}") = "LPUIAObjects", "LPUIAObjects\LPUIAObjects.csproj", "{27FB0811-48B1-4A3C-9E4C-CAF3C0F9B61C}"
EndProject
Project("{FAE04EC0-301F-11D3-BF4B-00C04F79EFBC}") = "LAPUnitTest", "LAPUnitTest\LAPUnitTest.csproj", "{E42365CA-9337-4C7B-BF14-F5E54B408293}"
EndProject
Project("{FAE04EC0-301F-11D3-BF4B-00C04F79EFBC}") = "LPCommon", "LPCommon\LPCommon.csproj", "{7CE460F9-8A3F-47AC-894B-822A1CF6CC15}"
EndProject
Project("{2150E333-8FDC-42A3-9474-1A3956D46DE8}") = "LAPVisualStudioPackage", "LAPVisualStudioPackage", "{F71E75DE-C73C-4CDE-B7AF-AE799EE6457A}"
EndProject
Project("{FAE04EC0-301F-11D3-BF4B-00C04F79EFBC}") = "LAP.PackageVsix", "LAPVisualStudioPackage\LAP.PackageVsix\LAP.PackageVsix.csproj", "{31A114D1-209F-420A-9427-1F2E6992C348}"
EndProject
Project("{FAE04EC0-301F-11D3-BF4B-00C04F79EFBC}") = "LAP.MsTestTestItemTemplate", "LAPVisualStudioPackage\ItemTemplates\LAP.MsTestTestItemTemplate\LAP.MsTestTestItemTemplate.csproj", "{24D798EF-8EFF-41FB-986A-82D4E7F796E1}"
EndProject
Project("{FAE04EC0-301F-11D3-BF4B-00C04F79EFBC}") = "LAP.MsTestTestProjectTemplate", "LAPVisualStudioPackage\ProjectTemplates\LAP.MsTestTestProjectTemplate\LAP.MsTestTestProjectTemplate.csproj", "{6A380D94-9807-414B-84B2-DC8DACB97C98}"
EndProject
Project("{930C7802-8A8C-48F9-8165-68863BCCD9DD}") = "SetupBuilder", "SetupBuilder\SetupBuilder.wixproj", "{53201D1D-DFB6-4F14-B8C1-6DE16F21B119}"
	ProjectSection(ProjectDependencies) = postProject
		{27FB0811-48B1-4A3C-9E4C-CAF3C0F9B61C} = {27FB0811-48B1-4A3C-9E4C-CAF3C0F9B61C}
		{5BF0C625-378C-47AB-8C5F-C0A71EDB8F38} = {5BF0C625-378C-47AB-8C5F-C0A71EDB8F38}
		{1812273D-C598-452A-86B1-B9AB3DD3F4E0} = {1812273D-C598-452A-86B1-B9AB3DD3F4E0}
		{948C4D4A-5E2B-4034-B81E-01EC31038A7A} = {948C4D4A-5E2B-4034-B81E-01EC31038A7A}
		{6A380D94-9807-414B-84B2-DC8DACB97C98} = {6A380D94-9807-414B-84B2-DC8DACB97C98}
		{6EEB5BB0-91F8-4F77-B182-FF8DA2408E8A} = {6EEB5BB0-91F8-4F77-B182-FF8DA2408E8A}
		{F41721B4-4F6F-43CE-B775-855271032FA0} = {F41721B4-4F6F-43CE-B775-855271032FA0}
		{E42365CA-9337-4C7B-BF14-F5E54B408293} = {E42365CA-9337-4C7B-BF14-F5E54B408293}
		{31A114D1-209F-420A-9427-1F2E6992C348} = {31A114D1-209F-420A-9427-1F2E6992C348}
		{24D798EF-8EFF-41FB-986A-82D4E7F796E1} = {24D798EF-8EFF-41FB-986A-82D4E7F796E1}
		{7CE460F9-8A3F-47AC-894B-822A1CF6CC15} = {7CE460F9-8A3F-47AC-894B-822A1CF6CC15}
	EndProjectSection
EndProject
Project("{2150E333-8FDC-42A3-9474-1A3956D46DE8}") = "LAPResources", "LAPResources", "{E8FE8B66-60C6-4BF5-AA70-0C1491949066}"
EndProject
Project("{FAE04EC0-301F-11D3-BF4B-00C04F79EFBC}") = "LAPResourceManager", "LAPResources\LAPResourceManager\LAPResourceManager.csproj", "{503995E8-2E29-432B-A6F9-446AEE3FB1BB}"
EndProject
Project("{FAE04EC0-301F-11D3-BF4B-00C04F79EFBC}") = "LAPResources", "LAPResources\LAPResources\LAPResources.csproj", "{2CB9517B-228A-49C8-845B-0F389A5AAAB5}"
EndProject
Project("{2150E333-8FDC-42A3-9474-1A3956D46DE8}") = "Setup", "Setup", "{E4286F6D-DFBE-408D-B602-4EFBDCD141A3}"
EndProject
Project("{FAE04EC0-301F-11D3-BF4B-00C04F79EFBC}") = "Install_CA", "SetupBuilder\Install_CA\Install_CA.csproj", "{BD46DD47-AFD0-453E-A8EC-0EC9688A701A}"
EndProject
Project("{FAE04EC0-301F-11D3-BF4B-00C04F79EFBC}") = "LAPVisualStudioPackage", "LAPVisualStudioPackage\LAPVisualStudioPackage\LAPVisualStudioPackage\LAPVisualStudioPackage.csproj", "{EB7F35E4-C6DD-4145-8913-1B461EF1623F}"
EndProject
Project("{FAE04EC0-301F-11D3-BF4B-00C04F79EFBC}") = "LPWebObjects", "LPWebObjects\LPWebObjects.csproj", "{AA3CE709-DB5E-40D2-B062-D784C8C55182}"
EndProject
Global
	GlobalSection(SolutionConfigurationPlatforms) = preSolution
		Debug|Any CPU = Debug|Any CPU
		Debug|Mixed Platforms = Debug|Mixed Platforms
		Debug|x86 = Debug|x86
		Release_NoLang|Any CPU = Release_NoLang|Any CPU
		Release_NoLang|Mixed Platforms = Release_NoLang|Mixed Platforms
		Release_NoLang|x86 = Release_NoLang|x86
		Release|Any CPU = Release|Any CPU
		Release|Mixed Platforms = Release|Mixed Platforms
		Release|x86 = Release|x86
	EndGlobalSection
	GlobalSection(ProjectConfigurationPlatforms) = postSolution
		{6EEB5BB0-91F8-4F77-B182-FF8DA2408E8A}.Debug|Any CPU.ActiveCfg = Debug|Any CPU
		{6EEB5BB0-91F8-4F77-B182-FF8DA2408E8A}.Debug|Any CPU.Build.0 = Debug|Any CPU
		{6EEB5BB0-91F8-4F77-B182-FF8DA2408E8A}.Debug|Mixed Platforms.ActiveCfg = Debug|Any CPU
		{6EEB5BB0-91F8-4F77-B182-FF8DA2408E8A}.Debug|Mixed Platforms.Build.0 = Debug|Any CPU
		{6EEB5BB0-91F8-4F77-B182-FF8DA2408E8A}.Debug|x86.ActiveCfg = Debug|Any CPU
		{6EEB5BB0-91F8-4F77-B182-FF8DA2408E8A}.Release_NoLang|Any CPU.ActiveCfg = Release|Any CPU
		{6EEB5BB0-91F8-4F77-B182-FF8DA2408E8A}.Release_NoLang|Any CPU.Build.0 = Release|Any CPU
		{6EEB5BB0-91F8-4F77-B182-FF8DA2408E8A}.Release_NoLang|Mixed Platforms.ActiveCfg = Release|Any CPU
		{6EEB5BB0-91F8-4F77-B182-FF8DA2408E8A}.Release_NoLang|Mixed Platforms.Build.0 = Release|Any CPU
		{6EEB5BB0-91F8-4F77-B182-FF8DA2408E8A}.Release_NoLang|x86.ActiveCfg = Release|Any CPU
		{6EEB5BB0-91F8-4F77-B182-FF8DA2408E8A}.Release|Any CPU.ActiveCfg = Release|Any CPU
		{6EEB5BB0-91F8-4F77-B182-FF8DA2408E8A}.Release|Any CPU.Build.0 = Release|Any CPU
		{6EEB5BB0-91F8-4F77-B182-FF8DA2408E8A}.Release|Mixed Platforms.ActiveCfg = Release|Any CPU
		{6EEB5BB0-91F8-4F77-B182-FF8DA2408E8A}.Release|Mixed Platforms.Build.0 = Release|Any CPU
		{6EEB5BB0-91F8-4F77-B182-FF8DA2408E8A}.Release|x86.ActiveCfg = Release|Any CPU
		{5BF0C625-378C-47AB-8C5F-C0A71EDB8F38}.Debug|Any CPU.ActiveCfg = Debug|Any CPU
		{5BF0C625-378C-47AB-8C5F-C0A71EDB8F38}.Debug|Any CPU.Build.0 = Debug|Any CPU
		{5BF0C625-378C-47AB-8C5F-C0A71EDB8F38}.Debug|Mixed Platforms.ActiveCfg = Debug|Any CPU
		{5BF0C625-378C-47AB-8C5F-C0A71EDB8F38}.Debug|Mixed Platforms.Build.0 = Debug|Any CPU
		{5BF0C625-378C-47AB-8C5F-C0A71EDB8F38}.Debug|x86.ActiveCfg = Debug|Any CPU
		{5BF0C625-378C-47AB-8C5F-C0A71EDB8F38}.Release_NoLang|Any CPU.ActiveCfg = Release|Any CPU
		{5BF0C625-378C-47AB-8C5F-C0A71EDB8F38}.Release_NoLang|Any CPU.Build.0 = Release|Any CPU
		{5BF0C625-378C-47AB-8C5F-C0A71EDB8F38}.Release_NoLang|Mixed Platforms.ActiveCfg = Release|Any CPU
		{5BF0C625-378C-47AB-8C5F-C0A71EDB8F38}.Release_NoLang|Mixed Platforms.Build.0 = Release|Any CPU
		{5BF0C625-378C-47AB-8C5F-C0A71EDB8F38}.Release_NoLang|x86.ActiveCfg = Release|Any CPU
		{5BF0C625-378C-47AB-8C5F-C0A71EDB8F38}.Release|Any CPU.ActiveCfg = Release|Any CPU
		{5BF0C625-378C-47AB-8C5F-C0A71EDB8F38}.Release|Any CPU.Build.0 = Release|Any CPU
		{5BF0C625-378C-47AB-8C5F-C0A71EDB8F38}.Release|Mixed Platforms.ActiveCfg = Release|Any CPU
		{5BF0C625-378C-47AB-8C5F-C0A71EDB8F38}.Release|Mixed Platforms.Build.0 = Release|Any CPU
		{5BF0C625-378C-47AB-8C5F-C0A71EDB8F38}.Release|x86.ActiveCfg = Release|Any CPU
		{1812273D-C598-452A-86B1-B9AB3DD3F4E0}.Debug|Any CPU.ActiveCfg = Debug|Any CPU
		{1812273D-C598-452A-86B1-B9AB3DD3F4E0}.Debug|Any CPU.Build.0 = Debug|Any CPU
		{1812273D-C598-452A-86B1-B9AB3DD3F4E0}.Debug|Mixed Platforms.ActiveCfg = Debug|Any CPU
		{1812273D-C598-452A-86B1-B9AB3DD3F4E0}.Debug|Mixed Platforms.Build.0 = Debug|Any CPU
		{1812273D-C598-452A-86B1-B9AB3DD3F4E0}.Debug|x86.ActiveCfg = Debug|Any CPU
		{1812273D-C598-452A-86B1-B9AB3DD3F4E0}.Release_NoLang|Any CPU.ActiveCfg = Release|Any CPU
		{1812273D-C598-452A-86B1-B9AB3DD3F4E0}.Release_NoLang|Any CPU.Build.0 = Release|Any CPU
		{1812273D-C598-452A-86B1-B9AB3DD3F4E0}.Release_NoLang|Mixed Platforms.ActiveCfg = Release|Any CPU
		{1812273D-C598-452A-86B1-B9AB3DD3F4E0}.Release_NoLang|Mixed Platforms.Build.0 = Release|Any CPU
		{1812273D-C598-452A-86B1-B9AB3DD3F4E0}.Release_NoLang|x86.ActiveCfg = Release|Any CPU
		{1812273D-C598-452A-86B1-B9AB3DD3F4E0}.Release|Any CPU.ActiveCfg = Release|Any CPU
		{1812273D-C598-452A-86B1-B9AB3DD3F4E0}.Release|Any CPU.Build.0 = Release|Any CPU
		{1812273D-C598-452A-86B1-B9AB3DD3F4E0}.Release|Mixed Platforms.ActiveCfg = Release|Any CPU
		{1812273D-C598-452A-86B1-B9AB3DD3F4E0}.Release|Mixed Platforms.Build.0 = Release|Any CPU
		{1812273D-C598-452A-86B1-B9AB3DD3F4E0}.Release|x86.ActiveCfg = Release|Any CPU
		{F41721B4-4F6F-43CE-B775-855271032FA0}.Debug|Any CPU.ActiveCfg = Debug|Any CPU
		{F41721B4-4F6F-43CE-B775-855271032FA0}.Debug|Any CPU.Build.0 = Debug|Any CPU
		{F41721B4-4F6F-43CE-B775-855271032FA0}.Debug|Mixed Platforms.ActiveCfg = Debug|Any CPU
		{F41721B4-4F6F-43CE-B775-855271032FA0}.Debug|Mixed Platforms.Build.0 = Debug|Any CPU
		{F41721B4-4F6F-43CE-B775-855271032FA0}.Debug|x86.ActiveCfg = Debug|Any CPU
		{F41721B4-4F6F-43CE-B775-855271032FA0}.Release_NoLang|Any CPU.ActiveCfg = Release|Any CPU
		{F41721B4-4F6F-43CE-B775-855271032FA0}.Release_NoLang|Any CPU.Build.0 = Release|Any CPU
		{F41721B4-4F6F-43CE-B775-855271032FA0}.Release_NoLang|Mixed Platforms.ActiveCfg = Release|Any CPU
		{F41721B4-4F6F-43CE-B775-855271032FA0}.Release_NoLang|Mixed Platforms.Build.0 = Release|Any CPU
		{F41721B4-4F6F-43CE-B775-855271032FA0}.Release_NoLang|x86.ActiveCfg = Release|Any CPU
		{F41721B4-4F6F-43CE-B775-855271032FA0}.Release|Any CPU.ActiveCfg = Release|Any CPU
		{F41721B4-4F6F-43CE-B775-855271032FA0}.Release|Any CPU.Build.0 = Release|Any CPU
		{F41721B4-4F6F-43CE-B775-855271032FA0}.Release|Mixed Platforms.ActiveCfg = Release|Any CPU
		{F41721B4-4F6F-43CE-B775-855271032FA0}.Release|Mixed Platforms.Build.0 = Release|Any CPU
		{F41721B4-4F6F-43CE-B775-855271032FA0}.Release|x86.ActiveCfg = Release|Any CPU
		{948C4D4A-5E2B-4034-B81E-01EC31038A7A}.Debug|Any CPU.ActiveCfg = Debug|Any CPU
		{948C4D4A-5E2B-4034-B81E-01EC31038A7A}.Debug|Any CPU.Build.0 = Debug|Any CPU
		{948C4D4A-5E2B-4034-B81E-01EC31038A7A}.Debug|Mixed Platforms.ActiveCfg = Debug|Any CPU
		{948C4D4A-5E2B-4034-B81E-01EC31038A7A}.Debug|Mixed Platforms.Build.0 = Debug|Any CPU
		{948C4D4A-5E2B-4034-B81E-01EC31038A7A}.Debug|x86.ActiveCfg = Debug|Any CPU
		{948C4D4A-5E2B-4034-B81E-01EC31038A7A}.Release_NoLang|Any CPU.ActiveCfg = Release|Any CPU
		{948C4D4A-5E2B-4034-B81E-01EC31038A7A}.Release_NoLang|Any CPU.Build.0 = Release|Any CPU
		{948C4D4A-5E2B-4034-B81E-01EC31038A7A}.Release_NoLang|Mixed Platforms.ActiveCfg = Release|Any CPU
		{948C4D4A-5E2B-4034-B81E-01EC31038A7A}.Release_NoLang|Mixed Platforms.Build.0 = Release|Any CPU
		{948C4D4A-5E2B-4034-B81E-01EC31038A7A}.Release_NoLang|x86.ActiveCfg = Release|Any CPU
		{948C4D4A-5E2B-4034-B81E-01EC31038A7A}.Release|Any CPU.ActiveCfg = Release|Any CPU
		{948C4D4A-5E2B-4034-B81E-01EC31038A7A}.Release|Any CPU.Build.0 = Release|Any CPU
		{948C4D4A-5E2B-4034-B81E-01EC31038A7A}.Release|Mixed Platforms.ActiveCfg = Release|Any CPU
		{948C4D4A-5E2B-4034-B81E-01EC31038A7A}.Release|Mixed Platforms.Build.0 = Release|Any CPU
		{948C4D4A-5E2B-4034-B81E-01EC31038A7A}.Release|x86.ActiveCfg = Release|Any CPU
		{27FB0811-48B1-4A3C-9E4C-CAF3C0F9B61C}.Debug|Any CPU.ActiveCfg = Debug|Any CPU
		{27FB0811-48B1-4A3C-9E4C-CAF3C0F9B61C}.Debug|Any CPU.Build.0 = Debug|Any CPU
		{27FB0811-48B1-4A3C-9E4C-CAF3C0F9B61C}.Debug|Mixed Platforms.ActiveCfg = Debug|Any CPU
		{27FB0811-48B1-4A3C-9E4C-CAF3C0F9B61C}.Debug|Mixed Platforms.Build.0 = Debug|Any CPU
		{27FB0811-48B1-4A3C-9E4C-CAF3C0F9B61C}.Debug|x86.ActiveCfg = Debug|Any CPU
		{27FB0811-48B1-4A3C-9E4C-CAF3C0F9B61C}.Release_NoLang|Any CPU.ActiveCfg = Release|Any CPU
		{27FB0811-48B1-4A3C-9E4C-CAF3C0F9B61C}.Release_NoLang|Any CPU.Build.0 = Release|Any CPU
		{27FB0811-48B1-4A3C-9E4C-CAF3C0F9B61C}.Release_NoLang|Mixed Platforms.ActiveCfg = Release|Any CPU
		{27FB0811-48B1-4A3C-9E4C-CAF3C0F9B61C}.Release_NoLang|Mixed Platforms.Build.0 = Release|Any CPU
		{27FB0811-48B1-4A3C-9E4C-CAF3C0F9B61C}.Release_NoLang|x86.ActiveCfg = Release|Any CPU
		{27FB0811-48B1-4A3C-9E4C-CAF3C0F9B61C}.Release|Any CPU.ActiveCfg = Release|Any CPU
		{27FB0811-48B1-4A3C-9E4C-CAF3C0F9B61C}.Release|Any CPU.Build.0 = Release|Any CPU
		{27FB0811-48B1-4A3C-9E4C-CAF3C0F9B61C}.Release|Mixed Platforms.ActiveCfg = Release|Any CPU
		{27FB0811-48B1-4A3C-9E4C-CAF3C0F9B61C}.Release|Mixed Platforms.Build.0 = Release|Any CPU
		{27FB0811-48B1-4A3C-9E4C-CAF3C0F9B61C}.Release|x86.ActiveCfg = Release|Any CPU
		{E42365CA-9337-4C7B-BF14-F5E54B408293}.Debug|Any CPU.ActiveCfg = Debug|Any CPU
		{E42365CA-9337-4C7B-BF14-F5E54B408293}.Debug|Any CPU.Build.0 = Debug|Any CPU
		{E42365CA-9337-4C7B-BF14-F5E54B408293}.Debug|Mixed Platforms.ActiveCfg = Debug|Any CPU
		{E42365CA-9337-4C7B-BF14-F5E54B408293}.Debug|Mixed Platforms.Build.0 = Debug|Any CPU
		{E42365CA-9337-4C7B-BF14-F5E54B408293}.Debug|x86.ActiveCfg = Debug|Any CPU
		{E42365CA-9337-4C7B-BF14-F5E54B408293}.Release_NoLang|Any CPU.ActiveCfg = Release|Any CPU
		{E42365CA-9337-4C7B-BF14-F5E54B408293}.Release_NoLang|Any CPU.Build.0 = Release|Any CPU
		{E42365CA-9337-4C7B-BF14-F5E54B408293}.Release_NoLang|Mixed Platforms.ActiveCfg = Release|Any CPU
		{E42365CA-9337-4C7B-BF14-F5E54B408293}.Release_NoLang|Mixed Platforms.Build.0 = Release|Any CPU
		{E42365CA-9337-4C7B-BF14-F5E54B408293}.Release_NoLang|x86.ActiveCfg = Release|Any CPU
		{E42365CA-9337-4C7B-BF14-F5E54B408293}.Release|Any CPU.ActiveCfg = Release|Any CPU
		{E42365CA-9337-4C7B-BF14-F5E54B408293}.Release|Any CPU.Build.0 = Release|Any CPU
		{E42365CA-9337-4C7B-BF14-F5E54B408293}.Release|Mixed Platforms.ActiveCfg = Release|Any CPU
		{E42365CA-9337-4C7B-BF14-F5E54B408293}.Release|Mixed Platforms.Build.0 = Release|Any CPU
		{E42365CA-9337-4C7B-BF14-F5E54B408293}.Release|x86.ActiveCfg = Release|Any CPU
		{7CE460F9-8A3F-47AC-894B-822A1CF6CC15}.Debug|Any CPU.ActiveCfg = Debug|Any CPU
		{7CE460F9-8A3F-47AC-894B-822A1CF6CC15}.Debug|Any CPU.Build.0 = Debug|Any CPU
		{7CE460F9-8A3F-47AC-894B-822A1CF6CC15}.Debug|Mixed Platforms.ActiveCfg = Debug|Any CPU
		{7CE460F9-8A3F-47AC-894B-822A1CF6CC15}.Debug|Mixed Platforms.Build.0 = Debug|Any CPU
		{7CE460F9-8A3F-47AC-894B-822A1CF6CC15}.Debug|x86.ActiveCfg = Debug|Any CPU
		{7CE460F9-8A3F-47AC-894B-822A1CF6CC15}.Release_NoLang|Any CPU.ActiveCfg = Release|Any CPU
		{7CE460F9-8A3F-47AC-894B-822A1CF6CC15}.Release_NoLang|Any CPU.Build.0 = Release|Any CPU
		{7CE460F9-8A3F-47AC-894B-822A1CF6CC15}.Release_NoLang|Mixed Platforms.ActiveCfg = Release|Any CPU
		{7CE460F9-8A3F-47AC-894B-822A1CF6CC15}.Release_NoLang|Mixed Platforms.Build.0 = Release|Any CPU
		{7CE460F9-8A3F-47AC-894B-822A1CF6CC15}.Release_NoLang|x86.ActiveCfg = Release|Any CPU
		{7CE460F9-8A3F-47AC-894B-822A1CF6CC15}.Release|Any CPU.ActiveCfg = Release|Any CPU
		{7CE460F9-8A3F-47AC-894B-822A1CF6CC15}.Release|Any CPU.Build.0 = Release|Any CPU
		{7CE460F9-8A3F-47AC-894B-822A1CF6CC15}.Release|Mixed Platforms.ActiveCfg = Release|Any CPU
		{7CE460F9-8A3F-47AC-894B-822A1CF6CC15}.Release|Mixed Platforms.Build.0 = Release|Any CPU
		{7CE460F9-8A3F-47AC-894B-822A1CF6CC15}.Release|x86.ActiveCfg = Release|Any CPU
		{31A114D1-209F-420A-9427-1F2E6992C348}.Debug|Any CPU.ActiveCfg = Debug|Any CPU
		{31A114D1-209F-420A-9427-1F2E6992C348}.Debug|Any CPU.Build.0 = Debug|Any CPU
		{31A114D1-209F-420A-9427-1F2E6992C348}.Debug|Mixed Platforms.ActiveCfg = Debug|Any CPU
		{31A114D1-209F-420A-9427-1F2E6992C348}.Debug|Mixed Platforms.Build.0 = Debug|Any CPU
		{31A114D1-209F-420A-9427-1F2E6992C348}.Debug|x86.ActiveCfg = Debug|Any CPU
		{31A114D1-209F-420A-9427-1F2E6992C348}.Release_NoLang|Any CPU.ActiveCfg = Release|Any CPU
		{31A114D1-209F-420A-9427-1F2E6992C348}.Release_NoLang|Any CPU.Build.0 = Release|Any CPU
		{31A114D1-209F-420A-9427-1F2E6992C348}.Release_NoLang|Mixed Platforms.ActiveCfg = Release|Any CPU
		{31A114D1-209F-420A-9427-1F2E6992C348}.Release_NoLang|Mixed Platforms.Build.0 = Release|Any CPU
		{31A114D1-209F-420A-9427-1F2E6992C348}.Release_NoLang|x86.ActiveCfg = Release|Any CPU
		{31A114D1-209F-420A-9427-1F2E6992C348}.Release|Any CPU.ActiveCfg = Release|Any CPU
		{31A114D1-209F-420A-9427-1F2E6992C348}.Release|Any CPU.Build.0 = Release|Any CPU
		{31A114D1-209F-420A-9427-1F2E6992C348}.Release|Mixed Platforms.ActiveCfg = Release|Any CPU
		{31A114D1-209F-420A-9427-1F2E6992C348}.Release|Mixed Platforms.Build.0 = Release|Any CPU
		{31A114D1-209F-420A-9427-1F2E6992C348}.Release|x86.ActiveCfg = Release|Any CPU
		{24D798EF-8EFF-41FB-986A-82D4E7F796E1}.Debug|Any CPU.ActiveCfg = Debug|Any CPU
		{24D798EF-8EFF-41FB-986A-82D4E7F796E1}.Debug|Any CPU.Build.0 = Debug|Any CPU
		{24D798EF-8EFF-41FB-986A-82D4E7F796E1}.Debug|Mixed Platforms.ActiveCfg = Debug|Any CPU
		{24D798EF-8EFF-41FB-986A-82D4E7F796E1}.Debug|Mixed Platforms.Build.0 = Debug|Any CPU
		{24D798EF-8EFF-41FB-986A-82D4E7F796E1}.Debug|x86.ActiveCfg = Debug|Any CPU
		{24D798EF-8EFF-41FB-986A-82D4E7F796E1}.Release_NoLang|Any CPU.ActiveCfg = Release|Any CPU
		{24D798EF-8EFF-41FB-986A-82D4E7F796E1}.Release_NoLang|Any CPU.Build.0 = Release|Any CPU
		{24D798EF-8EFF-41FB-986A-82D4E7F796E1}.Release_NoLang|Mixed Platforms.ActiveCfg = Release|Any CPU
		{24D798EF-8EFF-41FB-986A-82D4E7F796E1}.Release_NoLang|Mixed Platforms.Build.0 = Release|Any CPU
		{24D798EF-8EFF-41FB-986A-82D4E7F796E1}.Release_NoLang|x86.ActiveCfg = Release|Any CPU
		{24D798EF-8EFF-41FB-986A-82D4E7F796E1}.Release|Any CPU.ActiveCfg = Release|Any CPU
		{24D798EF-8EFF-41FB-986A-82D4E7F796E1}.Release|Any CPU.Build.0 = Release|Any CPU
		{24D798EF-8EFF-41FB-986A-82D4E7F796E1}.Release|Mixed Platforms.ActiveCfg = Release|Any CPU
		{24D798EF-8EFF-41FB-986A-82D4E7F796E1}.Release|Mixed Platforms.Build.0 = Release|Any CPU
		{24D798EF-8EFF-41FB-986A-82D4E7F796E1}.Release|x86.ActiveCfg = Release|Any CPU
		{6A380D94-9807-414B-84B2-DC8DACB97C98}.Debug|Any CPU.ActiveCfg = Debug|Any CPU
		{6A380D94-9807-414B-84B2-DC8DACB97C98}.Debug|Any CPU.Build.0 = Debug|Any CPU
		{6A380D94-9807-414B-84B2-DC8DACB97C98}.Debug|Mixed Platforms.ActiveCfg = Debug|Any CPU
		{6A380D94-9807-414B-84B2-DC8DACB97C98}.Debug|Mixed Platforms.Build.0 = Debug|Any CPU
		{6A380D94-9807-414B-84B2-DC8DACB97C98}.Debug|x86.ActiveCfg = Debug|Any CPU
		{6A380D94-9807-414B-84B2-DC8DACB97C98}.Release_NoLang|Any CPU.ActiveCfg = Release|Any CPU
		{6A380D94-9807-414B-84B2-DC8DACB97C98}.Release_NoLang|Any CPU.Build.0 = Release|Any CPU
		{6A380D94-9807-414B-84B2-DC8DACB97C98}.Release_NoLang|Mixed Platforms.ActiveCfg = Release|Any CPU
		{6A380D94-9807-414B-84B2-DC8DACB97C98}.Release_NoLang|Mixed Platforms.Build.0 = Release|Any CPU
		{6A380D94-9807-414B-84B2-DC8DACB97C98}.Release_NoLang|x86.ActiveCfg = Release|Any CPU
		{6A380D94-9807-414B-84B2-DC8DACB97C98}.Release|Any CPU.ActiveCfg = Release|Any CPU
		{6A380D94-9807-414B-84B2-DC8DACB97C98}.Release|Any CPU.Build.0 = Release|Any CPU
		{6A380D94-9807-414B-84B2-DC8DACB97C98}.Release|Mixed Platforms.ActiveCfg = Release|Any CPU
		{6A380D94-9807-414B-84B2-DC8DACB97C98}.Release|Mixed Platforms.Build.0 = Release|Any CPU
		{6A380D94-9807-414B-84B2-DC8DACB97C98}.Release|x86.ActiveCfg = Release|Any CPU
		{53201D1D-DFB6-4F14-B8C1-6DE16F21B119}.Debug|Any CPU.ActiveCfg = Debug|x86
		{53201D1D-DFB6-4F14-B8C1-6DE16F21B119}.Debug|Mixed Platforms.ActiveCfg = Debug|x86
		{53201D1D-DFB6-4F14-B8C1-6DE16F21B119}.Debug|Mixed Platforms.Build.0 = Debug|x86
		{53201D1D-DFB6-4F14-B8C1-6DE16F21B119}.Debug|x86.ActiveCfg = Debug|x86
		{53201D1D-DFB6-4F14-B8C1-6DE16F21B119}.Debug|x86.Build.0 = Debug|x86
		{53201D1D-DFB6-4F14-B8C1-6DE16F21B119}.Release_NoLang|Any CPU.ActiveCfg = Release|x86
		{53201D1D-DFB6-4F14-B8C1-6DE16F21B119}.Release_NoLang|Mixed Platforms.ActiveCfg = Release|x86
		{53201D1D-DFB6-4F14-B8C1-6DE16F21B119}.Release_NoLang|Mixed Platforms.Build.0 = Release|x86
		{53201D1D-DFB6-4F14-B8C1-6DE16F21B119}.Release_NoLang|x86.ActiveCfg = Release|x86
		{53201D1D-DFB6-4F14-B8C1-6DE16F21B119}.Release_NoLang|x86.Build.0 = Release|x86
		{53201D1D-DFB6-4F14-B8C1-6DE16F21B119}.Release|Any CPU.ActiveCfg = Release|x86
		{53201D1D-DFB6-4F14-B8C1-6DE16F21B119}.Release|Mixed Platforms.ActiveCfg = Release|x86
		{53201D1D-DFB6-4F14-B8C1-6DE16F21B119}.Release|Mixed Platforms.Build.0 = Release|x86
		{53201D1D-DFB6-4F14-B8C1-6DE16F21B119}.Release|x86.ActiveCfg = Release|x86
		{53201D1D-DFB6-4F14-B8C1-6DE16F21B119}.Release|x86.Build.0 = Release|x86
		{503995E8-2E29-432B-A6F9-446AEE3FB1BB}.Debug|Any CPU.ActiveCfg = Debug|Any CPU
		{503995E8-2E29-432B-A6F9-446AEE3FB1BB}.Debug|Any CPU.Build.0 = Debug|Any CPU
		{503995E8-2E29-432B-A6F9-446AEE3FB1BB}.Debug|Mixed Platforms.ActiveCfg = Debug|Any CPU
		{503995E8-2E29-432B-A6F9-446AEE3FB1BB}.Debug|Mixed Platforms.Build.0 = Debug|Any CPU
		{503995E8-2E29-432B-A6F9-446AEE3FB1BB}.Debug|x86.ActiveCfg = Debug|Any CPU
		{503995E8-2E29-432B-A6F9-446AEE3FB1BB}.Release_NoLang|Any CPU.ActiveCfg = Release|Any CPU
		{503995E8-2E29-432B-A6F9-446AEE3FB1BB}.Release_NoLang|Any CPU.Build.0 = Release|Any CPU
		{503995E8-2E29-432B-A6F9-446AEE3FB1BB}.Release_NoLang|Mixed Platforms.ActiveCfg = Release|Any CPU
		{503995E8-2E29-432B-A6F9-446AEE3FB1BB}.Release_NoLang|Mixed Platforms.Build.0 = Release|Any CPU
		{503995E8-2E29-432B-A6F9-446AEE3FB1BB}.Release_NoLang|x86.ActiveCfg = Release|Any CPU
		{503995E8-2E29-432B-A6F9-446AEE3FB1BB}.Release|Any CPU.ActiveCfg = Release|Any CPU
		{503995E8-2E29-432B-A6F9-446AEE3FB1BB}.Release|Any CPU.Build.0 = Release|Any CPU
		{503995E8-2E29-432B-A6F9-446AEE3FB1BB}.Release|Mixed Platforms.ActiveCfg = Release|Any CPU
		{503995E8-2E29-432B-A6F9-446AEE3FB1BB}.Release|Mixed Platforms.Build.0 = Release|Any CPU
		{503995E8-2E29-432B-A6F9-446AEE3FB1BB}.Release|x86.ActiveCfg = Release|Any CPU
		{2CB9517B-228A-49C8-845B-0F389A5AAAB5}.Debug|Any CPU.ActiveCfg = Debug|Any CPU
		{2CB9517B-228A-49C8-845B-0F389A5AAAB5}.Debug|Any CPU.Build.0 = Debug|Any CPU
		{2CB9517B-228A-49C8-845B-0F389A5AAAB5}.Debug|Mixed Platforms.ActiveCfg = Debug|Any CPU
		{2CB9517B-228A-49C8-845B-0F389A5AAAB5}.Debug|Mixed Platforms.Build.0 = Debug|Any CPU
		{2CB9517B-228A-49C8-845B-0F389A5AAAB5}.Debug|x86.ActiveCfg = Debug|Any CPU
		{2CB9517B-228A-49C8-845B-0F389A5AAAB5}.Release_NoLang|Any CPU.ActiveCfg = Release|Any CPU
		{2CB9517B-228A-49C8-845B-0F389A5AAAB5}.Release_NoLang|Any CPU.Build.0 = Release|Any CPU
		{2CB9517B-228A-49C8-845B-0F389A5AAAB5}.Release_NoLang|Mixed Platforms.ActiveCfg = Release|Any CPU
		{2CB9517B-228A-49C8-845B-0F389A5AAAB5}.Release_NoLang|Mixed Platforms.Build.0 = Release|Any CPU
		{2CB9517B-228A-49C8-845B-0F389A5AAAB5}.Release_NoLang|x86.ActiveCfg = Release|Any CPU
		{2CB9517B-228A-49C8-845B-0F389A5AAAB5}.Release|Any CPU.ActiveCfg = Release|Any CPU
		{2CB9517B-228A-49C8-845B-0F389A5AAAB5}.Release|Any CPU.Build.0 = Release|Any CPU
		{2CB9517B-228A-49C8-845B-0F389A5AAAB5}.Release|Mixed Platforms.ActiveCfg = Release|Any CPU
		{2CB9517B-228A-49C8-845B-0F389A5AAAB5}.Release|Mixed Platforms.Build.0 = Release|Any CPU
		{2CB9517B-228A-49C8-845B-0F389A5AAAB5}.Release|x86.ActiveCfg = Release|Any CPU
		{BD46DD47-AFD0-453E-A8EC-0EC9688A701A}.Debug|Any CPU.ActiveCfg = Debug|x86
		{BD46DD47-AFD0-453E-A8EC-0EC9688A701A}.Debug|Mixed Platforms.ActiveCfg = Debug|x86
		{BD46DD47-AFD0-453E-A8EC-0EC9688A701A}.Debug|Mixed Platforms.Build.0 = Debug|x86
		{BD46DD47-AFD0-453E-A8EC-0EC9688A701A}.Debug|x86.ActiveCfg = Debug|x86
		{BD46DD47-AFD0-453E-A8EC-0EC9688A701A}.Debug|x86.Build.0 = Debug|x86
		{BD46DD47-AFD0-453E-A8EC-0EC9688A701A}.Release_NoLang|Any CPU.ActiveCfg = Release_NoLang|x86
		{BD46DD47-AFD0-453E-A8EC-0EC9688A701A}.Release_NoLang|Mixed Platforms.ActiveCfg = Release_NoLang|x86
		{BD46DD47-AFD0-453E-A8EC-0EC9688A701A}.Release_NoLang|Mixed Platforms.Build.0 = Release_NoLang|x86
		{BD46DD47-AFD0-453E-A8EC-0EC9688A701A}.Release_NoLang|x86.ActiveCfg = Release_NoLang|x86
		{BD46DD47-AFD0-453E-A8EC-0EC9688A701A}.Release_NoLang|x86.Build.0 = Release_NoLang|x86
		{BD46DD47-AFD0-453E-A8EC-0EC9688A701A}.Release|Any CPU.ActiveCfg = Release|x86
		{BD46DD47-AFD0-453E-A8EC-0EC9688A701A}.Release|Mixed Platforms.ActiveCfg = Release|x86
		{BD46DD47-AFD0-453E-A8EC-0EC9688A701A}.Release|Mixed Platforms.Build.0 = Release|x86
		{BD46DD47-AFD0-453E-A8EC-0EC9688A701A}.Release|x86.ActiveCfg = Release|x86
		{BD46DD47-AFD0-453E-A8EC-0EC9688A701A}.Release|x86.Build.0 = Release|x86
		{EB7F35E4-C6DD-4145-8913-1B461EF1623F}.Debug|Any CPU.ActiveCfg = Debug|Any CPU
		{EB7F35E4-C6DD-4145-8913-1B461EF1623F}.Debug|Any CPU.Build.0 = Debug|Any CPU
		{EB7F35E4-C6DD-4145-8913-1B461EF1623F}.Debug|Mixed Platforms.ActiveCfg = Debug|Any CPU
		{EB7F35E4-C6DD-4145-8913-1B461EF1623F}.Debug|Mixed Platforms.Build.0 = Debug|Any CPU
		{EB7F35E4-C6DD-4145-8913-1B461EF1623F}.Debug|x86.ActiveCfg = Debug|Any CPU
		{EB7F35E4-C6DD-4145-8913-1B461EF1623F}.Release_NoLang|Any CPU.ActiveCfg = Release|Any CPU
		{EB7F35E4-C6DD-4145-8913-1B461EF1623F}.Release_NoLang|Any CPU.Build.0 = Release|Any CPU
		{EB7F35E4-C6DD-4145-8913-1B461EF1623F}.Release_NoLang|Mixed Platforms.ActiveCfg = Release|Any CPU
		{EB7F35E4-C6DD-4145-8913-1B461EF1623F}.Release_NoLang|Mixed Platforms.Build.0 = Release|Any CPU
		{EB7F35E4-C6DD-4145-8913-1B461EF1623F}.Release_NoLang|x86.ActiveCfg = Release|Any CPU
		{EB7F35E4-C6DD-4145-8913-1B461EF1623F}.Release|Any CPU.ActiveCfg = Release|Any CPU
		{EB7F35E4-C6DD-4145-8913-1B461EF1623F}.Release|Any CPU.Build.0 = Release|Any CPU
		{EB7F35E4-C6DD-4145-8913-1B461EF1623F}.Release|Mixed Platforms.ActiveCfg = Release|Any CPU
		{EB7F35E4-C6DD-4145-8913-1B461EF1623F}.Release|Mixed Platforms.Build.0 = Release|Any CPU
		{EB7F35E4-C6DD-4145-8913-1B461EF1623F}.Release|x86.ActiveCfg = Release|Any CPU
		{AA3CE709-DB5E-40D2-B062-D784C8C55182}.Debug|Any CPU.ActiveCfg = Debug|Any CPU
		{AA3CE709-DB5E-40D2-B062-D784C8C55182}.Debug|Any CPU.Build.0 = Debug|Any CPU
		{AA3CE709-DB5E-40D2-B062-D784C8C55182}.Debug|Mixed Platforms.ActiveCfg = Debug|Any CPU
		{AA3CE709-DB5E-40D2-B062-D784C8C55182}.Debug|Mixed Platforms.Build.0 = Debug|Any CPU
		{AA3CE709-DB5E-40D2-B062-D784C8C55182}.Debug|x86.ActiveCfg = Debug|Any CPU
		{AA3CE709-DB5E-40D2-B062-D784C8C55182}.Release_NoLang|Any CPU.ActiveCfg = Release|Any CPU
		{AA3CE709-DB5E-40D2-B062-D784C8C55182}.Release_NoLang|Any CPU.Build.0 = Release|Any CPU
		{AA3CE709-DB5E-40D2-B062-D784C8C55182}.Release_NoLang|Mixed Platforms.ActiveCfg = Release|Any CPU
		{AA3CE709-DB5E-40D2-B062-D784C8C55182}.Release_NoLang|Mixed Platforms.Build.0 = Release|Any CPU
		{AA3CE709-DB5E-40D2-B062-D784C8C55182}.Release_NoLang|x86.ActiveCfg = Release|Any CPU
		{AA3CE709-DB5E-40D2-B062-D784C8C55182}.Release|Any CPU.ActiveCfg = Release|Any CPU
		{AA3CE709-DB5E-40D2-B062-D784C8C55182}.Release|Any CPU.Build.0 = Release|Any CPU
		{AA3CE709-DB5E-40D2-B062-D784C8C55182}.Release|Mixed Platforms.ActiveCfg = Release|Any CPU
		{AA3CE709-DB5E-40D2-B062-D784C8C55182}.Release|Mixed Platforms.Build.0 = Release|Any CPU
		{AA3CE709-DB5E-40D2-B062-D784C8C55182}.Release|x86.ActiveCfg = Release|Any CPU
	EndGlobalSection
	GlobalSection(SolutionProperties) = preSolution
		HideSolutionNode = FALSE
	EndGlobalSection
	GlobalSection(NestedProjects) = preSolution
		{31A114D1-209F-420A-9427-1F2E6992C348} = {F71E75DE-C73C-4CDE-B7AF-AE799EE6457A}
		{24D798EF-8EFF-41FB-986A-82D4E7F796E1} = {F71E75DE-C73C-4CDE-B7AF-AE799EE6457A}
		{6A380D94-9807-414B-84B2-DC8DACB97C98} = {F71E75DE-C73C-4CDE-B7AF-AE799EE6457A}
		{53201D1D-DFB6-4F14-B8C1-6DE16F21B119} = {E4286F6D-DFBE-408D-B602-4EFBDCD141A3}
		{503995E8-2E29-432B-A6F9-446AEE3FB1BB} = {E8FE8B66-60C6-4BF5-AA70-0C1491949066}
		{2CB9517B-228A-49C8-845B-0F389A5AAAB5} = {E8FE8B66-60C6-4BF5-AA70-0C1491949066}
		{BD46DD47-AFD0-453E-A8EC-0EC9688A701A} = {E4286F6D-DFBE-408D-B602-4EFBDCD141A3}
		{EB7F35E4-C6DD-4145-8913-1B461EF1623F} = {F71E75DE-C73C-4CDE-B7AF-AE799EE6457A}
	EndGlobalSection
EndGlobal
